
Microsoft Visual Studio Solution File, Format Version 12.00
# Visual Studio Version 17
VisualStudioVersion = 17.3.32901.215
MinimumVisualStudioVersion = 10.0.40219.1
Project("{9A19103F-16F7-4668-BE54-9A1E7A4F7556}") = "ToDoApi", "ToDoApi\ToDoApi.csproj", "{9032A066-67FA-4337-8A7C-ED2364F35450}"
EndProject
Project("{FAE04EC0-301F-11D3-BF4B-00C04F79EFBC}") = "ToDoApiV2", "ToDoApiV2\ToDoApiV2.csproj", "{A423EE75-5734-42FA-860A-AF9B2974D63C}"
EndProject
Global
	GlobalSection(SolutionConfigurationPlatforms) = preSolution
		Debug|Any CPU = Debug|Any CPU
		Release|Any CPU = Release|Any CPU
	EndGlobalSection
	GlobalSection(ProjectConfigurationPlatforms) = postSolution
		{9032A066-67FA-4337-8A7C-ED2364F35450}.Debug|Any CPU.ActiveCfg = Debug|Any CPU
		{9032A066-67FA-4337-8A7C-ED2364F35450}.Debug|Any CPU.Build.0 = Debug|Any CPU
		{9032A066-67FA-4337-8A7C-ED2364F35450}.Release|Any CPU.ActiveCfg = Release|Any CPU
		{9032A066-67FA-4337-8A7C-ED2364F35450}.Release|Any CPU.Build.0 = Release|Any CPU
		{A423EE75-5734-42FA-860A-AF9B2974D63C}.Debug|Any CPU.ActiveCfg = Debug|Any CPU
		{A423EE75-5734-42FA-860A-AF9B2974D63C}.Debug|Any CPU.Build.0 = Debug|Any CPU
		{A423EE75-5734-42FA-860A-AF9B2974D63C}.Release|Any CPU.ActiveCfg = Release|Any CPU
		{A423EE75-5734-42FA-860A-AF9B2974D63C}.Release|Any CPU.Build.0 = Release|Any CPU
	EndGlobalSection
	GlobalSection(SolutionProperties) = preSolution
		HideSolutionNode = FALSE
	EndGlobalSection
	GlobalSection(ExtensibilityGlobals) = postSolution
		SolutionGuid = {BCB1687E-4C3D-4BF5-AB74-9420091A78FF}
	EndGlobalSection
EndGlobal
